
Microsoft Visual Studio Solution File, Format Version 12.00
# Visual Studio Version 17
VisualStudioVersion = 17.5.002.0
MinimumVisualStudioVersion = 10.0.40219.1
Project("{9A19103F-16F7-4668-BE54-9A1E7A4F7556}") = "FishingILike", "FishingILike.csproj", "{29EBD33E-98A4-4393-9D1D-CF7096A7DDAE}"
EndProject
Global
	GlobalSection(SolutionConfigurationPlatforms) = preSolution
		Debug|Any CPU = Debug|Any CPU
		Release|Any CPU = Release|Any CPU
	EndGlobalSection
	GlobalSection(ProjectConfigurationPlatforms) = postSolution
		{29EBD33E-98A4-4393-9D1D-CF7096A7DDAE}.Debug|Any CPU.ActiveCfg = Debug|Any CPU
		{29EBD33E-98A4-4393-9D1D-CF7096A7DDAE}.Debug|Any CPU.Build.0 = Debug|Any CPU
		{29EBD33E-98A4-4393-9D1D-CF7096A7DDAE}.Release|Any CPU.ActiveCfg = Release|Any CPU
		{29EBD33E-98A4-4393-9D1D-CF7096A7DDAE}.Release|Any CPU.Build.0 = Release|Any CPU
	EndGlobalSection
	GlobalSection(SolutionProperties) = preSolution
		HideSolutionNode = FALSE
	EndGlobalSection
	GlobalSection(ExtensibilityGlobals) = postSolution
		SolutionGuid = {9F59EB3A-FE55-4FBC-9E62-78B0EB78514E}
	EndGlobalSection
EndGlobal
